
Microsoft Visual Studio Solution File, Format Version 12.00
# Visual Studio Version 16
VisualStudioVersion = 16.0.31321.278
MinimumVisualStudioVersion = 10.0.40219.1
Project("{FAE04EC0-301F-11D3-BF4B-00C04F79EFBC}") = "Camera", "Camera\Camera.csproj", "{47CF82D6-5AC7-4BE5-8C9C-C25BD96E25D2}"
EndProject
Project("{FAE04EC0-301F-11D3-BF4B-00C04F79EFBC}") = "EDSDKLib", "EDSDKLib\EDSDKLib.csproj", "{AEB0A485-01FC-4111-818C-E81434A388F1}"
EndProject
Global
	GlobalSection(SolutionConfigurationPlatforms) = preSolution
		Debug|Any CPU = Debug|Any CPU
		Debug|x64 = Debug|x64
		Debug|x86 = Debug|x86
		Release|Any CPU = Release|Any CPU
		Release|x64 = Release|x64
		Release|x86 = Release|x86
	EndGlobalSection
	GlobalSection(ProjectConfigurationPlatforms) = postSolution
		{47CF82D6-5AC7-4BE5-8C9C-C25BD96E25D2}.Debug|Any CPU.ActiveCfg = Debug|Any CPU
		{47CF82D6-5AC7-4BE5-8C9C-C25BD96E25D2}.Debug|Any CPU.Build.0 = Debug|Any CPU
		{47CF82D6-5AC7-4BE5-8C9C-C25BD96E25D2}.Debug|x64.ActiveCfg = Debug|Any CPU
		{47CF82D6-5AC7-4BE5-8C9C-C25BD96E25D2}.Debug|x64.Build.0 = Debug|Any CPU
		{47CF82D6-5AC7-4BE5-8C9C-C25BD96E25D2}.Debug|x86.ActiveCfg = Debug|Any CPU
		{47CF82D6-5AC7-4BE5-8C9C-C25BD96E25D2}.Debug|x86.Build.0 = Debug|Any CPU
		{47CF82D6-5AC7-4BE5-8C9C-C25BD96E25D2}.Release|Any CPU.ActiveCfg = Release|Any CPU
		{47CF82D6-5AC7-4BE5-8C9C-C25BD96E25D2}.Release|Any CPU.Build.0 = Release|Any CPU
		{47CF82D6-5AC7-4BE5-8C9C-C25BD96E25D2}.Release|x64.ActiveCfg = Release|Any CPU
		{47CF82D6-5AC7-4BE5-8C9C-C25BD96E25D2}.Release|x64.Build.0 = Release|Any CPU
		{47CF82D6-5AC7-4BE5-8C9C-C25BD96E25D2}.Release|x86.ActiveCfg = Release|Any CPU
		{47CF82D6-5AC7-4BE5-8C9C-C25BD96E25D2}.Release|x86.Build.0 = Release|Any CPU
		{AEB0A485-01FC-4111-818C-E81434A388F1}.Debug|Any CPU.ActiveCfg = Debug|x64
		{AEB0A485-01FC-4111-818C-E81434A388F1}.Debug|Any CPU.Build.0 = Debug|x64
		{AEB0A485-01FC-4111-818C-E81434A388F1}.Debug|x64.ActiveCfg = Debug|x64
		{AEB0A485-01FC-4111-818C-E81434A388F1}.Debug|x64.Build.0 = Debug|x64
		{AEB0A485-01FC-4111-818C-E81434A388F1}.Debug|x86.ActiveCfg = Debug|x86
		{AEB0A485-01FC-4111-818C-E81434A388F1}.Debug|x86.Build.0 = Debug|x86
		{AEB0A485-01FC-4111-818C-E81434A388F1}.Release|Any CPU.ActiveCfg = Release|x86
		{AEB0A485-01FC-4111-818C-E81434A388F1}.Release|x64.ActiveCfg = Release|x64
		{AEB0A485-01FC-4111-818C-E81434A388F1}.Release|x64.Build.0 = Release|x64
		{AEB0A485-01FC-4111-818C-E81434A388F1}.Release|x86.ActiveCfg = Release|x86
		{AEB0A485-01FC-4111-818C-E81434A388F1}.Release|x86.Build.0 = Release|x86
	EndGlobalSection
	GlobalSection(SolutionProperties) = preSolution
		HideSolutionNode = FALSE
	EndGlobalSection
	GlobalSection(ExtensibilityGlobals) = postSolution
		SolutionGuid = {7485054B-6BE2-41A1-B4D1-A252F8263FB9}
	EndGlobalSection
EndGlobal
