
Microsoft Visual Studio Solution File, Format Version 12.00
# Visual Studio 15
VisualStudioVersion = 15.0.28010.2026
MinimumVisualStudioVersion = 10.0.40219.1
Project("{FAE04EC0-301F-11D3-BF4B-00C04F79EFBC}") = "HoloCommon", "HoloCommon\HoloCommon.csproj", "{E9901F1B-2BD4-4214-8CB9-13804CAC3126}"
EndProject
Global
	GlobalSection(SolutionConfigurationPlatforms) = preSolution
		Debug|Any CPU = Debug|Any CPU
		Release|Any CPU = Release|Any CPU
	EndGlobalSection
	GlobalSection(ProjectConfigurationPlatforms) = postSolution
		{E9901F1B-2BD4-4214-8CB9-13804CAC3126}.Debug|Any CPU.ActiveCfg = Debug|Any CPU
		{E9901F1B-2BD4-4214-8CB9-13804CAC3126}.Debug|Any CPU.Build.0 = Debug|Any CPU
		{E9901F1B-2BD4-4214-8CB9-13804CAC3126}.Release|Any CPU.ActiveCfg = Release|Any CPU
		{E9901F1B-2BD4-4214-8CB9-13804CAC3126}.Release|Any CPU.Build.0 = Release|Any CPU
	EndGlobalSection
	GlobalSection(SolutionProperties) = preSolution
		HideSolutionNode = FALSE
	EndGlobalSection
	GlobalSection(ExtensibilityGlobals) = postSolution
		SolutionGuid = {AF6EA0A0-3756-4A8D-BFE1-F45E81CE4D0D}
	EndGlobalSection
EndGlobal
