
Microsoft Visual Studio Solution File, Format Version 12.00
# Visual Studio 15
VisualStudioVersion = 15.0.28010.2026
MinimumVisualStudioVersion = 10.0.40219.1
Project("{FAE04EC0-301F-11D3-BF4B-00C04F79EFBC}") = "CorrectedGraph", "CorrectedGraph\CorrectedGraph.csproj", "{871D1067-808E-4076-85E1-1AFEDA6419C9}"
EndProject
Global
	GlobalSection(SolutionConfigurationPlatforms) = preSolution
		Debug|Any CPU = Debug|Any CPU
		Release|Any CPU = Release|Any CPU
	EndGlobalSection
	GlobalSection(ProjectConfigurationPlatforms) = postSolution
		{871D1067-808E-4076-85E1-1AFEDA6419C9}.Debug|Any CPU.ActiveCfg = Debug|Any CPU
		{871D1067-808E-4076-85E1-1AFEDA6419C9}.Debug|Any CPU.Build.0 = Debug|Any CPU
		{871D1067-808E-4076-85E1-1AFEDA6419C9}.Release|Any CPU.ActiveCfg = Release|Any CPU
		{871D1067-808E-4076-85E1-1AFEDA6419C9}.Release|Any CPU.Build.0 = Release|Any CPU
	EndGlobalSection
	GlobalSection(SolutionProperties) = preSolution
		HideSolutionNode = FALSE
	EndGlobalSection
	GlobalSection(ExtensibilityGlobals) = postSolution
		SolutionGuid = {BF84BB43-7A68-427E-B174-EBAA7067C150}
	EndGlobalSection
EndGlobal
